
Microsoft Visual Studio Solution File, Format Version 12.00
# Visual Studio 14
VisualStudioVersion = 14.0.25420.1
MinimumVisualStudioVersion = 10.0.40219.1
Project("{FAE04EC0-301F-11D3-BF4B-00C04F79EFBC}") = "MVC7amTremendousBatch", "MVC7amTremendousBatch\MVC7amTremendousBatch.csproj", "{74EFD490-B55C-43F8-881C-4D175C94BCFC}"
	ProjectSection(ProjectDependencies) = postProject
		{7A403F52-B388-4D63-8E5D-F70C5F08C7EF} = {7A403F52-B388-4D63-8E5D-F70C5F08C7EF}
		{3ED31BCD-4DAF-4D3C-BC49-B51EFAC70F62} = {3ED31BCD-4DAF-4D3C-BC49-B51EFAC70F62}
	EndProjectSection
EndProject
Project("{FAE04EC0-301F-11D3-BF4B-00C04F79EFBC}") = "AdoDotnetExample", "AdoDotnetExample\AdoDotnetExample.csproj", "{578E0392-C7AE-462D-8565-B6B4665921D2}"
EndProject
Project("{FAE04EC0-301F-11D3-BF4B-00C04F79EFBC}") = "DapperExample", "DapperExample\DapperExample.csproj", "{FEC4A345-5CB5-411D-921F-B6BE329439A8}"
EndProject
Project("{FAE04EC0-301F-11D3-BF4B-00C04F79EFBC}") = "DatabaseApproach", "DatabaseApproach\DatabaseApproach.csproj", "{591361EE-C0AA-42E7-8450-4B12A5B54250}"
EndProject
Project("{FAE04EC0-301F-11D3-BF4B-00C04F79EFBC}") = "CodeFirstApproach", "CodeFirstApproach\CodeFirstApproach.csproj", "{74A04276-8E90-435F-886E-42C15C6C2E7F}"
EndProject
Project("{FAE04EC0-301F-11D3-BF4B-00C04F79EFBC}") = "ModelFirstApproach", "ModelFirstApproach\ModelFirstApproach.csproj", "{FD274E8B-D83D-4B67-839D-5CA3605EDBA4}"
EndProject
Project("{FAE04EC0-301F-11D3-BF4B-00C04F79EFBC}") = "HandleErrorExample", "HandleErrorExample\HandleErrorExample.csproj", "{19E170CA-3C07-4C5C-8201-4768DDF6B944}"
EndProject
Project("{FAE04EC0-301F-11D3-BF4B-00C04F79EFBC}") = "WebServiceExample", "WebServiceExample\WebServiceExample.csproj", "{3ED31BCD-4DAF-4D3C-BC49-B51EFAC70F62}"
EndProject
Project("{FAE04EC0-301F-11D3-BF4B-00C04F79EFBC}") = "WcfService1", "WcfService1\WcfService1.csproj", "{7A403F52-B388-4D63-8E5D-F70C5F08C7EF}"
EndProject
Project("{FAE04EC0-301F-11D3-BF4B-00C04F79EFBC}") = "WebApi", "WebApi\WebApi.csproj", "{D7A1AA6D-1A37-4FAF-9036-DA6EFB508528}"
EndProject
Global
	GlobalSection(SolutionConfigurationPlatforms) = preSolution
		Debug|Any CPU = Debug|Any CPU
		Release|Any CPU = Release|Any CPU
	EndGlobalSection
	GlobalSection(ProjectConfigurationPlatforms) = postSolution
		{74EFD490-B55C-43F8-881C-4D175C94BCFC}.Debug|Any CPU.ActiveCfg = Debug|Any CPU
		{74EFD490-B55C-43F8-881C-4D175C94BCFC}.Debug|Any CPU.Build.0 = Debug|Any CPU
		{74EFD490-B55C-43F8-881C-4D175C94BCFC}.Release|Any CPU.ActiveCfg = Release|Any CPU
		{74EFD490-B55C-43F8-881C-4D175C94BCFC}.Release|Any CPU.Build.0 = Release|Any CPU
		{578E0392-C7AE-462D-8565-B6B4665921D2}.Debug|Any CPU.ActiveCfg = Debug|Any CPU
		{578E0392-C7AE-462D-8565-B6B4665921D2}.Debug|Any CPU.Build.0 = Debug|Any CPU
		{578E0392-C7AE-462D-8565-B6B4665921D2}.Release|Any CPU.ActiveCfg = Release|Any CPU
		{578E0392-C7AE-462D-8565-B6B4665921D2}.Release|Any CPU.Build.0 = Release|Any CPU
		{FEC4A345-5CB5-411D-921F-B6BE329439A8}.Debug|Any CPU.ActiveCfg = Debug|Any CPU
		{FEC4A345-5CB5-411D-921F-B6BE329439A8}.Debug|Any CPU.Build.0 = Debug|Any CPU
		{FEC4A345-5CB5-411D-921F-B6BE329439A8}.Release|Any CPU.ActiveCfg = Release|Any CPU
		{FEC4A345-5CB5-411D-921F-B6BE329439A8}.Release|Any CPU.Build.0 = Release|Any CPU
		{591361EE-C0AA-42E7-8450-4B12A5B54250}.Debug|Any CPU.ActiveCfg = Debug|Any CPU
		{591361EE-C0AA-42E7-8450-4B12A5B54250}.Debug|Any CPU.Build.0 = Debug|Any CPU
		{591361EE-C0AA-42E7-8450-4B12A5B54250}.Release|Any CPU.ActiveCfg = Release|Any CPU
		{591361EE-C0AA-42E7-8450-4B12A5B54250}.Release|Any CPU.Build.0 = Release|Any CPU
		{74A04276-8E90-435F-886E-42C15C6C2E7F}.Debug|Any CPU.ActiveCfg = Debug|Any CPU
		{74A04276-8E90-435F-886E-42C15C6C2E7F}.Debug|Any CPU.Build.0 = Debug|Any CPU
		{74A04276-8E90-435F-886E-42C15C6C2E7F}.Release|Any CPU.ActiveCfg = Release|Any CPU
		{74A04276-8E90-435F-886E-42C15C6C2E7F}.Release|Any CPU.Build.0 = Release|Any CPU
		{FD274E8B-D83D-4B67-839D-5CA3605EDBA4}.Debug|Any CPU.ActiveCfg = Debug|Any CPU
		{FD274E8B-D83D-4B67-839D-5CA3605EDBA4}.Debug|Any CPU.Build.0 = Debug|Any CPU
		{FD274E8B-D83D-4B67-839D-5CA3605EDBA4}.Release|Any CPU.ActiveCfg = Release|Any CPU
		{FD274E8B-D83D-4B67-839D-5CA3605EDBA4}.Release|Any CPU.Build.0 = Release|Any CPU
		{19E170CA-3C07-4C5C-8201-4768DDF6B944}.Debug|Any CPU.ActiveCfg = Debug|Any CPU
		{19E170CA-3C07-4C5C-8201-4768DDF6B944}.Debug|Any CPU.Build.0 = Debug|Any CPU
		{19E170CA-3C07-4C5C-8201-4768DDF6B944}.Release|Any CPU.ActiveCfg = Release|Any CPU
		{19E170CA-3C07-4C5C-8201-4768DDF6B944}.Release|Any CPU.Build.0 = Release|Any CPU
		{3ED31BCD-4DAF-4D3C-BC49-B51EFAC70F62}.Debug|Any CPU.ActiveCfg = Debug|Any CPU
		{3ED31BCD-4DAF-4D3C-BC49-B51EFAC70F62}.Debug|Any CPU.Build.0 = Debug|Any CPU
		{3ED31BCD-4DAF-4D3C-BC49-B51EFAC70F62}.Release|Any CPU.ActiveCfg = Release|Any CPU
		{3ED31BCD-4DAF-4D3C-BC49-B51EFAC70F62}.Release|Any CPU.Build.0 = Release|Any CPU
		{7A403F52-B388-4D63-8E5D-F70C5F08C7EF}.Debug|Any CPU.ActiveCfg = Debug|Any CPU
		{7A403F52-B388-4D63-8E5D-F70C5F08C7EF}.Debug|Any CPU.Build.0 = Debug|Any CPU
		{7A403F52-B388-4D63-8E5D-F70C5F08C7EF}.Release|Any CPU.ActiveCfg = Release|Any CPU
		{7A403F52-B388-4D63-8E5D-F70C5F08C7EF}.Release|Any CPU.Build.0 = Release|Any CPU
		{D7A1AA6D-1A37-4FAF-9036-DA6EFB508528}.Debug|Any CPU.ActiveCfg = Debug|Any CPU
		{D7A1AA6D-1A37-4FAF-9036-DA6EFB508528}.Debug|Any CPU.Build.0 = Debug|Any CPU
		{D7A1AA6D-1A37-4FAF-9036-DA6EFB508528}.Release|Any CPU.ActiveCfg = Release|Any CPU
		{D7A1AA6D-1A37-4FAF-9036-DA6EFB508528}.Release|Any CPU.Build.0 = Release|Any CPU
	EndGlobalSection
	GlobalSection(SolutionProperties) = preSolution
		HideSolutionNode = FALSE
	EndGlobalSection
EndGlobal
